{
  "name": "bit",
  "version": "1.0.0",
  "lockfileVersion": 1,
  "requires": true,
  "dependencies": {
    "vuex": {
      "version": "2.0.0",
      "resolved": "https://registry.npmjs.org/vuex/-/vuex-2.0.0.tgz",
      "integrity": "sha512-dAVUbZthEm5xFVDp2aYHpxfoILj2vHWRNRLlbeCNrwyrOwSQ/wIl3L0J1C4TcdUWHpQzU/VejqdvRcIJkLblVg=="
    }
  }
}
